
Microsoft Visual Studio Solution File, Format Version 11.00
# Visual Studio 2010
Project("{8BC9CEB8-8B4A-11D0-8D11-00A0C91BC942}") = "ITH", "ITH\ITH.vcxproj", "{1A196FCB-1ABB-463C-8C8E-6A878CDBB280}"
EndProject
Project("{8BC9CEB8-8B4A-11D0-8D11-00A0C91BC942}") = "IHF", "IHF\IHF.vcxproj", "{C07A8FA2-3841-43BC-B877-8A7437DCC07B}"
EndProject
Project("{8BC9CEB8-8B4A-11D0-8D11-00A0C91BC942}") = "ITH_SYS", "ITH_SYS\ITH_SYS.vcxproj", "{C3C138AA-AB69-402D-A1C9-C7945A8D6239}"
EndProject
Project("{8BC9CEB8-8B4A-11D0-8D11-00A0C91BC942}") = "IHF_DLL", "IHF_DLL\IHF_DLL.vcxproj", "{4BC982D4-97CE-4F66-94D5-0A4A00AFB054}"
EndProject
Project("{8BC9CEB8-8B4A-11D0-8D11-00A0C91BC942}") = "IHF_EnableSEH", "IHF_EnableSEH\IHF_EnableSEH.vcxproj", "{02C7C420-9803-444E-86ED-7F9DC38852B3}"
EndProject
Project("{8BC9CEB8-8B4A-11D0-8D11-00A0C91BC942}") = "ITH_Engine", "ITH_Engine\ITH_Engine.vcxproj", "{9F2A3AAF-6847-4E86-BAE7-0371B95608D3}"
EndProject
Project("{8BC9CEB8-8B4A-11D0-8D11-00A0C91BC942}") = "ITH_TLS", "ITH_TLS\ITH_TLS.vcxproj", "{C8257FF3-7DA9-41C4-87AA-13A03679D093}"
EndProject
Project("{8BC9CEB8-8B4A-11D0-8D11-00A0C91BC942}") = "ITH_TinyXmlLib", "ITH_TinyXmlLib\ITH_TinyXmlLib.vcxproj", "{F353F4D8-FC3E-4301-8E03-4B179C5A773D}"
EndProject
Project("{8BC9CEB8-8B4A-11D0-8D11-00A0C91BC942}") = "ITH_Updater", "ITH_Updater\ITH_Updater.vcxproj", "{230FE842-693E-4FAF-A849-06E254DAC9E3}"
EndProject
Project("{8BC9CEB8-8B4A-11D0-8D11-00A0C91BC942}") = "ITH_HashLib", "ITH_HashLib\ITH_HashLib.vcxproj", "{BCD1D8D8-A13F-4295-BB93-4C634D8214EA}"
EndProject
Global
	GlobalSection(SolutionConfigurationPlatforms) = preSolution
		Debug|Win32 = Debug|Win32
		Release|Win32 = Release|Win32
	EndGlobalSection
	GlobalSection(ProjectConfigurationPlatforms) = postSolution
		{1A196FCB-1ABB-463C-8C8E-6A878CDBB280}.Debug|Win32.ActiveCfg = Debug|Win32
		{1A196FCB-1ABB-463C-8C8E-6A878CDBB280}.Debug|Win32.Build.0 = Debug|Win32
		{1A196FCB-1ABB-463C-8C8E-6A878CDBB280}.Release|Win32.ActiveCfg = Release|Win32
		{1A196FCB-1ABB-463C-8C8E-6A878CDBB280}.Release|Win32.Build.0 = Release|Win32
		{C07A8FA2-3841-43BC-B877-8A7437DCC07B}.Debug|Win32.ActiveCfg = Debug|Win32
		{C07A8FA2-3841-43BC-B877-8A7437DCC07B}.Debug|Win32.Build.0 = Debug|Win32
		{C07A8FA2-3841-43BC-B877-8A7437DCC07B}.Release|Win32.ActiveCfg = Release|Win32
		{C07A8FA2-3841-43BC-B877-8A7437DCC07B}.Release|Win32.Build.0 = Release|Win32
		{C3C138AA-AB69-402D-A1C9-C7945A8D6239}.Debug|Win32.ActiveCfg = Debug|Win32
		{C3C138AA-AB69-402D-A1C9-C7945A8D6239}.Debug|Win32.Build.0 = Debug|Win32
		{C3C138AA-AB69-402D-A1C9-C7945A8D6239}.Release|Win32.ActiveCfg = Release|Win32
		{C3C138AA-AB69-402D-A1C9-C7945A8D6239}.Release|Win32.Build.0 = Release|Win32
		{4BC982D4-97CE-4F66-94D5-0A4A00AFB054}.Debug|Win32.ActiveCfg = Debug|Win32
		{4BC982D4-97CE-4F66-94D5-0A4A00AFB054}.Debug|Win32.Build.0 = Debug|Win32
		{4BC982D4-97CE-4F66-94D5-0A4A00AFB054}.Release|Win32.ActiveCfg = Release|Win32
		{4BC982D4-97CE-4F66-94D5-0A4A00AFB054}.Release|Win32.Build.0 = Release|Win32
		{02C7C420-9803-444E-86ED-7F9DC38852B3}.Debug|Win32.ActiveCfg = Debug|Win32
		{02C7C420-9803-444E-86ED-7F9DC38852B3}.Debug|Win32.Build.0 = Debug|Win32
		{02C7C420-9803-444E-86ED-7F9DC38852B3}.Release|Win32.ActiveCfg = Release|Win32
		{02C7C420-9803-444E-86ED-7F9DC38852B3}.Release|Win32.Build.0 = Release|Win32
		{9F2A3AAF-6847-4E86-BAE7-0371B95608D3}.Debug|Win32.ActiveCfg = Debug|Win32
		{9F2A3AAF-6847-4E86-BAE7-0371B95608D3}.Debug|Win32.Build.0 = Debug|Win32
		{9F2A3AAF-6847-4E86-BAE7-0371B95608D3}.Release|Win32.ActiveCfg = Release|Win32
		{9F2A3AAF-6847-4E86-BAE7-0371B95608D3}.Release|Win32.Build.0 = Release|Win32
		{C8257FF3-7DA9-41C4-87AA-13A03679D093}.Debug|Win32.ActiveCfg = Debug|Win32
		{C8257FF3-7DA9-41C4-87AA-13A03679D093}.Debug|Win32.Build.0 = Debug|Win32
		{C8257FF3-7DA9-41C4-87AA-13A03679D093}.Release|Win32.ActiveCfg = Release|Win32
		{C8257FF3-7DA9-41C4-87AA-13A03679D093}.Release|Win32.Build.0 = Release|Win32
		{F353F4D8-FC3E-4301-8E03-4B179C5A773D}.Debug|Win32.ActiveCfg = Debug|Win32
		{F353F4D8-FC3E-4301-8E03-4B179C5A773D}.Debug|Win32.Build.0 = Debug|Win32
		{F353F4D8-FC3E-4301-8E03-4B179C5A773D}.Release|Win32.ActiveCfg = Release|Win32
		{F353F4D8-FC3E-4301-8E03-4B179C5A773D}.Release|Win32.Build.0 = Release|Win32
		{230FE842-693E-4FAF-A849-06E254DAC9E3}.Debug|Win32.ActiveCfg = Debug|Win32
		{230FE842-693E-4FAF-A849-06E254DAC9E3}.Debug|Win32.Build.0 = Debug|Win32
		{230FE842-693E-4FAF-A849-06E254DAC9E3}.Release|Win32.ActiveCfg = Release|Win32
		{230FE842-693E-4FAF-A849-06E254DAC9E3}.Release|Win32.Build.0 = Release|Win32
		{BCD1D8D8-A13F-4295-BB93-4C634D8214EA}.Debug|Win32.ActiveCfg = Debug|Win32
		{BCD1D8D8-A13F-4295-BB93-4C634D8214EA}.Debug|Win32.Build.0 = Debug|Win32
		{BCD1D8D8-A13F-4295-BB93-4C634D8214EA}.Release|Win32.ActiveCfg = Release|Win32
		{BCD1D8D8-A13F-4295-BB93-4C634D8214EA}.Release|Win32.Build.0 = Release|Win32
	EndGlobalSection
	GlobalSection(SolutionProperties) = preSolution
		HideSolutionNode = FALSE
	EndGlobalSection
EndGlobal
